
Microsoft Visual Studio Solution File, Format Version 11.00
# Visual C++ Express 2010
Project("{2150E333-8FDC-42A3-9474-1A3956D46DE8}") = ".paket", ".paket", "{43353E20-2996-46E7-9791-C24C044AF0AB}"
	ProjectSection(SolutionItems) = preProject
		..\paket.dependencies = ..\paket.dependencies
	EndProjectSection
EndProject
Project("{8BC9CEB8-8B4A-11D0-8D11-00A0C91BC942}") = "MMLoader", "MMLoader.vcxproj", "{F1C410E7-2DB4-4C6E-9D5B-4739B1388501}"
EndProject
Global
	GlobalSection(SolutionConfigurationPlatforms) = preSolution
		Debug|Win32 = Debug|Win32
		Release|Win32 = Release|Win32
	EndGlobalSection
	GlobalSection(ProjectConfigurationPlatforms) = postSolution
		{F1C410E7-2DB4-4C6E-9D5B-4739B1388501}.Debug|Win32.ActiveCfg = Debug|Win32
		{F1C410E7-2DB4-4C6E-9D5B-4739B1388501}.Debug|Win32.Build.0 = Debug|Win32
		{F1C410E7-2DB4-4C6E-9D5B-4739B1388501}.Release|Win32.ActiveCfg = Release|Win32
		{F1C410E7-2DB4-4C6E-9D5B-4739B1388501}.Release|Win32.Build.0 = Release|Win32
	EndGlobalSection
	GlobalSection(SolutionProperties) = preSolution
		HideSolutionNode = FALSE
	EndGlobalSection
EndGlobal
