
Microsoft Visual Studio Solution File, Format Version 12.00
# Visual Studio 2013
VisualStudioVersion = 12.0.31101.0
MinimumVisualStudioVersion = 10.0.40219.1
Project("{F2A71F9B-5D33-465A-A702-920D77279786}") = "MMManaged", "MMManaged\MMManaged.fsproj", "{E87272E6-CE49-4D85-9E55-EAC6117D419A}"
EndProject
Project("{F2A71F9B-5D33-465A-A702-920D77279786}") = "MMView", "MMView\MMView.fsproj", "{404FA43F-143A-4EB1-AE53-24FC9F65A538}"
EndProject
Project("{FAE04EC0-301F-11D3-BF4B-00C04F79EFBC}") = "ModelModCLRAppDomain", "MMAppDomain\ModelModCLRAppDomain.csproj", "{0AB82497-9F3B-46A5-8FA2-D95E2A79E33B}"
EndProject
Global
	GlobalSection(SolutionConfigurationPlatforms) = preSolution
		Debug|Any CPU = Debug|Any CPU
		Debug|x86 = Debug|x86
		Release|Any CPU = Release|Any CPU
		Release|x86 = Release|x86
	EndGlobalSection
	GlobalSection(ProjectConfigurationPlatforms) = postSolution
		{E87272E6-CE49-4D85-9E55-EAC6117D419A}.Debug|Any CPU.ActiveCfg = Debug|Any CPU
		{E87272E6-CE49-4D85-9E55-EAC6117D419A}.Debug|Any CPU.Build.0 = Debug|Any CPU
		{E87272E6-CE49-4D85-9E55-EAC6117D419A}.Debug|x86.ActiveCfg = Debug|Any CPU
		{E87272E6-CE49-4D85-9E55-EAC6117D419A}.Release|Any CPU.ActiveCfg = Release|Any CPU
		{E87272E6-CE49-4D85-9E55-EAC6117D419A}.Release|Any CPU.Build.0 = Release|Any CPU
		{E87272E6-CE49-4D85-9E55-EAC6117D419A}.Release|x86.ActiveCfg = Release|Any CPU
		{404FA43F-143A-4EB1-AE53-24FC9F65A538}.Debug|Any CPU.ActiveCfg = Debug|Any CPU
		{404FA43F-143A-4EB1-AE53-24FC9F65A538}.Debug|Any CPU.Build.0 = Debug|Any CPU
		{404FA43F-143A-4EB1-AE53-24FC9F65A538}.Debug|x86.ActiveCfg = Debug|x86
		{404FA43F-143A-4EB1-AE53-24FC9F65A538}.Debug|x86.Build.0 = Debug|x86
		{404FA43F-143A-4EB1-AE53-24FC9F65A538}.Release|Any CPU.ActiveCfg = Release|Any CPU
		{404FA43F-143A-4EB1-AE53-24FC9F65A538}.Release|Any CPU.Build.0 = Release|Any CPU
		{404FA43F-143A-4EB1-AE53-24FC9F65A538}.Release|x86.ActiveCfg = Release|x86
		{404FA43F-143A-4EB1-AE53-24FC9F65A538}.Release|x86.Build.0 = Release|x86
		{0AB82497-9F3B-46A5-8FA2-D95E2A79E33B}.Debug|Any CPU.ActiveCfg = Debug|Any CPU
		{0AB82497-9F3B-46A5-8FA2-D95E2A79E33B}.Debug|Any CPU.Build.0 = Debug|Any CPU
		{0AB82497-9F3B-46A5-8FA2-D95E2A79E33B}.Debug|x86.ActiveCfg = Debug|Any CPU
		{0AB82497-9F3B-46A5-8FA2-D95E2A79E33B}.Release|Any CPU.ActiveCfg = Release|Any CPU
		{0AB82497-9F3B-46A5-8FA2-D95E2A79E33B}.Release|Any CPU.Build.0 = Release|Any CPU
		{0AB82497-9F3B-46A5-8FA2-D95E2A79E33B}.Release|x86.ActiveCfg = Release|Any CPU
	EndGlobalSection
	GlobalSection(SolutionProperties) = preSolution
		HideSolutionNode = FALSE
	EndGlobalSection
EndGlobal
