
Microsoft Visual Studio Solution File, Format Version 12.00
# Visual Studio 2013
VisualStudioVersion = 12.0.31101.0
MinimumVisualStudioVersion = 10.0.40219.1
Project("{2150E333-8FDC-42A3-9474-1A3956D46DE8}") = ".paket", ".paket", "{C248B009-E37B-477B-8029-04DBB96EFE19}"
	ProjectSection(SolutionItems) = preProject
		paket.dependencies = paket.dependencies
	EndProjectSection
EndProject
Project("{8BC9CEB8-8B4A-11D0-8D11-00A0C91BC942}") = "MMLoader", "MMLoader\MMLoader.vcxproj", "{F1C410E7-2DB4-4C6E-9D5B-4739B1388501}"
EndProject
Project("{8BC9CEB8-8B4A-11D0-8D11-00A0C91BC942}") = "ModelMod", "ModelMod\ModelMod.vcxproj", "{2846889F-D0A4-49FB-ACA7-FB8E7BC2C15B}"
EndProject
Global
	GlobalSection(SolutionConfigurationPlatforms) = preSolution
		Debug|Win32 = Debug|Win32
		Profile|Win32 = Profile|Win32
		Release|Win32 = Release|Win32
	EndGlobalSection
	GlobalSection(ProjectConfigurationPlatforms) = postSolution
		{F1C410E7-2DB4-4C6E-9D5B-4739B1388501}.Debug|Win32.ActiveCfg = Debug|Win32
		{F1C410E7-2DB4-4C6E-9D5B-4739B1388501}.Debug|Win32.Build.0 = Debug|Win32
		{F1C410E7-2DB4-4C6E-9D5B-4739B1388501}.Profile|Win32.ActiveCfg = Release|Win32
		{F1C410E7-2DB4-4C6E-9D5B-4739B1388501}.Profile|Win32.Build.0 = Release|Win32
		{F1C410E7-2DB4-4C6E-9D5B-4739B1388501}.Release|Win32.ActiveCfg = Release|Win32
		{F1C410E7-2DB4-4C6E-9D5B-4739B1388501}.Release|Win32.Build.0 = Release|Win32
		{2846889F-D0A4-49FB-ACA7-FB8E7BC2C15B}.Debug|Win32.ActiveCfg = Debug|Win32
		{2846889F-D0A4-49FB-ACA7-FB8E7BC2C15B}.Debug|Win32.Build.0 = Debug|Win32
		{2846889F-D0A4-49FB-ACA7-FB8E7BC2C15B}.Profile|Win32.ActiveCfg = Release|Win32
		{2846889F-D0A4-49FB-ACA7-FB8E7BC2C15B}.Profile|Win32.Build.0 = Release|Win32
		{2846889F-D0A4-49FB-ACA7-FB8E7BC2C15B}.Release|Win32.ActiveCfg = Release|Win32
		{2846889F-D0A4-49FB-ACA7-FB8E7BC2C15B}.Release|Win32.Build.0 = Release|Win32
	EndGlobalSection
	GlobalSection(SolutionProperties) = preSolution
		HideSolutionNode = FALSE
	EndGlobalSection
EndGlobal
