NUGET
  remote: https://www.nuget.org/api/v2
    Expression.Blend.Sdk (1.0.2) - restriction: >= net45
    FAKE (4.64.13)
    FSharp.Core (4.6.2) - restriction: >= net45
    FSharp.ViewModule.Core (0.9.9.1) - restriction: >= net45
    FsPickler (5.3.2) - restriction: >= net45
      FSharp.Core (>= 4.3.2) - restriction: || (>= net45) (>= netstandard2.0)
    FsUnit (3.4.1) - restriction: >= net45
      FSharp.Core (>= 4.2.3) - restriction: || (>= net46) (>= netstandard2.0)
      NUnit (>= 3.12 < 4.0) - restriction: || (>= net46) (>= netstandard2.0)
    FsXaml.Wpf (0.9.9) - restriction: >= net45
      Expression.Blend.Sdk (>= 1.0.2) - restriction: >= net45
    MonoGame.Framework.WindowsDX (3.3) - restriction: >= net45
    NUnit (3.14) - restriction: >= net45
    NUnit.ConsoleRunner (3.18.3)
    YamlDotNet (5.1) - restriction: >= net45
