
Microsoft Visual Studio Solution File, Format Version 12.00
# Visual Studio 14
VisualStudioVersion = 14.0.23107.0
MinimumVisualStudioVersion = 10.0.40219.1
Project("{F2A71F9B-5D33-465A-A702-920D77279786}") = "StartupApp", "StartupApp.fsproj", "{6AAC3C7F-F712-49CA-89DC-33C2D8FB0B8E}"
EndProject
Global
	GlobalSection(SolutionConfigurationPlatforms) = preSolution
		Debug|Any CPU = Debug|Any CPU
		Release|Any CPU = Release|Any CPU
	EndGlobalSection
	GlobalSection(ProjectConfigurationPlatforms) = postSolution
		{6AAC3C7F-F712-49CA-89DC-33C2D8FB0B8E}.Debug|Any CPU.ActiveCfg = Debug|Any CPU
		{6AAC3C7F-F712-49CA-89DC-33C2D8FB0B8E}.Debug|Any CPU.Build.0 = Debug|Any CPU
		{6AAC3C7F-F712-49CA-89DC-33C2D8FB0B8E}.Release|Any CPU.ActiveCfg = Release|Any CPU
		{6AAC3C7F-F712-49CA-89DC-33C2D8FB0B8E}.Release|Any CPU.Build.0 = Release|Any CPU
	EndGlobalSection
	GlobalSection(SolutionProperties) = preSolution
		HideSolutionNode = FALSE
	EndGlobalSection
EndGlobal
