
Microsoft Visual Studio Solution File, Format Version 12.00
# Visual Studio 2013
VisualStudioVersion = 12.0.31101.0
MinimumVisualStudioVersion = 10.0.40219.1
Project("{F2A71F9B-5D33-465A-A702-920D77279786}") = "MMWiz", "MMWiz.fsproj", "{DA4E294C-B792-45B0-B30A-7D182484C4CA}"
EndProject
Project("{F2A71F9B-5D33-465A-A702-920D77279786}") = "MMManaged", "..\MMManaged\MMManaged.fsproj", "{E87272E6-CE49-4D85-9E55-EAC6117D419A}"
EndProject
Project("{FAE04EC0-301F-11D3-BF4B-00C04F79EFBC}") = "WizUI", "WizUI\WizUI.csproj", "{C5841ABB-5893-4CAA-9E49-B7E654AA4678}"
EndProject
Global
	GlobalSection(SolutionConfigurationPlatforms) = preSolution
		Debug|Any CPU = Debug|Any CPU
		Release|Any CPU = Release|Any CPU
	EndGlobalSection
	GlobalSection(ProjectConfigurationPlatforms) = postSolution
		{DA4E294C-B792-45B0-B30A-7D182484C4CA}.Debug|Any CPU.ActiveCfg = Debug|Any CPU
		{DA4E294C-B792-45B0-B30A-7D182484C4CA}.Debug|Any CPU.Build.0 = Debug|Any CPU
		{DA4E294C-B792-45B0-B30A-7D182484C4CA}.Release|Any CPU.ActiveCfg = Release|Any CPU
		{DA4E294C-B792-45B0-B30A-7D182484C4CA}.Release|Any CPU.Build.0 = Release|Any CPU
		{E87272E6-CE49-4D85-9E55-EAC6117D419A}.Debug|Any CPU.ActiveCfg = Debug|Any CPU
		{E87272E6-CE49-4D85-9E55-EAC6117D419A}.Debug|Any CPU.Build.0 = Debug|Any CPU
		{E87272E6-CE49-4D85-9E55-EAC6117D419A}.Release|Any CPU.ActiveCfg = Release|Any CPU
		{E87272E6-CE49-4D85-9E55-EAC6117D419A}.Release|Any CPU.Build.0 = Release|Any CPU
		{C5841ABB-5893-4CAA-9E49-B7E654AA4678}.Debug|Any CPU.ActiveCfg = Debug|Any CPU
		{C5841ABB-5893-4CAA-9E49-B7E654AA4678}.Debug|Any CPU.Build.0 = Debug|Any CPU
		{C5841ABB-5893-4CAA-9E49-B7E654AA4678}.Release|Any CPU.ActiveCfg = Release|Any CPU
		{C5841ABB-5893-4CAA-9E49-B7E654AA4678}.Release|Any CPU.Build.0 = Release|Any CPU
	EndGlobalSection
	GlobalSection(SolutionProperties) = preSolution
		HideSolutionNode = FALSE
	EndGlobalSection
EndGlobal
